
Microsoft Visual Studio Solution File, Format Version 12.00
# Visual Studio Version 17
VisualStudioVersion = 17.1.32421.90
MinimumVisualStudioVersion = 10.0.40219.1
Project("{FAE04EC0-301F-11D3-BF4B-00C04F79EFBC}") = "Car_factory", "Car_factory\Car_factory.csproj", "{FAF7F0FA-1CF9-4BB6-9593-2CAE07A09934}"
EndProject
Global
	GlobalSection(SolutionConfigurationPlatforms) = preSolution
		Debug|Any CPU = Debug|Any CPU
		Release|Any CPU = Release|Any CPU
	EndGlobalSection
	GlobalSection(ProjectConfigurationPlatforms) = postSolution
		{FAF7F0FA-1CF9-4BB6-9593-2CAE07A09934}.Debug|Any CPU.ActiveCfg = Debug|Any CPU
		{FAF7F0FA-1CF9-4BB6-9593-2CAE07A09934}.Debug|Any CPU.Build.0 = Debug|Any CPU
		{FAF7F0FA-1CF9-4BB6-9593-2CAE07A09934}.Release|Any CPU.ActiveCfg = Release|Any CPU
		{FAF7F0FA-1CF9-4BB6-9593-2CAE07A09934}.Release|Any CPU.Build.0 = Release|Any CPU
	EndGlobalSection
	GlobalSection(SolutionProperties) = preSolution
		HideSolutionNode = FALSE
	EndGlobalSection
	GlobalSection(ExtensibilityGlobals) = postSolution
		SolutionGuid = {7A0D1DAB-6435-441F-8FDB-6F0923FD83CE}
	EndGlobalSection
EndGlobal
